
Microsoft Visual Studio Solution File, Format Version 12.00
# Visual Studio Version 17
VisualStudioVersion = 17.0.32112.339
MinimumVisualStudioVersion = 10.0.40219.1
Project("{2150E333-8FDC-42A3-9474-1A3956D46DE8}") = "src", "src", "{B208AEB7-2B6F-4576-99DC-CBA680EC3D20}"
EndProject
Project("{2150E333-8FDC-42A3-9474-1A3956D46DE8}") = "tests", "tests", "{AD223239-D4B4-4B27-B835-87179CD3D4AC}"
EndProject
Project("{FAE04EC0-301F-11D3-BF4B-00C04F79EFBC}") = "Agendamento", "src\Agendamento\Agendamento.csproj", "{B2939274-11E2-460B-B3A7-A618CD7B46D3}"
EndProject
Project("{FAE04EC0-301F-11D3-BF4B-00C04F79EFBC}") = "AgendamentoTests", "tests\AgendamentoTests\AgendamentoTests.csproj", "{8F58CA86-9049-4696-8802-B879433DC244}"
EndProject
Global
	GlobalSection(SolutionConfigurationPlatforms) = preSolution
		Debug|Any CPU = Debug|Any CPU
		Release|Any CPU = Release|Any CPU
	EndGlobalSection
	GlobalSection(ProjectConfigurationPlatforms) = postSolution
		{B2939274-11E2-460B-B3A7-A618CD7B46D3}.Debug|Any CPU.ActiveCfg = Debug|Any CPU
		{B2939274-11E2-460B-B3A7-A618CD7B46D3}.Debug|Any CPU.Build.0 = Debug|Any CPU
		{B2939274-11E2-460B-B3A7-A618CD7B46D3}.Release|Any CPU.ActiveCfg = Release|Any CPU
		{B2939274-11E2-460B-B3A7-A618CD7B46D3}.Release|Any CPU.Build.0 = Release|Any CPU
		{8F58CA86-9049-4696-8802-B879433DC244}.Debug|Any CPU.ActiveCfg = Debug|Any CPU
		{8F58CA86-9049-4696-8802-B879433DC244}.Debug|Any CPU.Build.0 = Debug|Any CPU
		{8F58CA86-9049-4696-8802-B879433DC244}.Release|Any CPU.ActiveCfg = Release|Any CPU
		{8F58CA86-9049-4696-8802-B879433DC244}.Release|Any CPU.Build.0 = Release|Any CPU
	EndGlobalSection
	GlobalSection(SolutionProperties) = preSolution
		HideSolutionNode = FALSE
	EndGlobalSection
	GlobalSection(NestedProjects) = preSolution
		{B2939274-11E2-460B-B3A7-A618CD7B46D3} = {B208AEB7-2B6F-4576-99DC-CBA680EC3D20}
		{8F58CA86-9049-4696-8802-B879433DC244} = {AD223239-D4B4-4B27-B835-87179CD3D4AC}
	EndGlobalSection
	GlobalSection(ExtensibilityGlobals) = postSolution
		SolutionGuid = {6979AAED-C792-496F-80C4-E228E91AF1C0}
	EndGlobalSection
EndGlobal
